<Solution>
  <Project Path="HydrangeanDiva.AppHost/HydrangeanDiva.AppHost.csproj" />
  <Project Path="HydrangeanDiva.ReverseProxy/HydrangeanDiva.ReverseProxy.csproj" />
  <Project Path="HydrangeanDiva.ServiceDefaults/HydrangeanDiva.ServiceDefaults.csproj" />
  <Project Path="HydrangeanDiva/HydrangeanDiva.csproj" />
</Solution>
